
Microsoft Visual Studio Solution File, Format Version 12.00
# Visual Studio Version 17
VisualStudioVersion = 17.0.32112.339
MinimumVisualStudioVersion = 10.0.40219.1
Project("{FAE04EC0-301F-11D3-BF4B-00C04F79EFBC}") = "parseXML_DayZ", "parseXML_DayZ.csproj", "{E0BC51AC-9E5F-4420-9829-9378FA5D54F0}"
EndProject
Global
	GlobalSection(SolutionConfigurationPlatforms) = preSolution
		Debug|Any CPU = Debug|Any CPU
		Release|Any CPU = Release|Any CPU
	EndGlobalSection
	GlobalSection(ProjectConfigurationPlatforms) = postSolution
		{E0BC51AC-9E5F-4420-9829-9378FA5D54F0}.Debug|Any CPU.ActiveCfg = Debug|Any CPU
		{E0BC51AC-9E5F-4420-9829-9378FA5D54F0}.Debug|Any CPU.Build.0 = Debug|Any CPU
		{E0BC51AC-9E5F-4420-9829-9378FA5D54F0}.Release|Any CPU.ActiveCfg = Release|Any CPU
		{E0BC51AC-9E5F-4420-9829-9378FA5D54F0}.Release|Any CPU.Build.0 = Release|Any CPU
	EndGlobalSection
	GlobalSection(SolutionProperties) = preSolution
		HideSolutionNode = FALSE
	EndGlobalSection
	GlobalSection(ExtensibilityGlobals) = postSolution
		SolutionGuid = {27FDA51E-F0A0-4826-B642-5FFA94B7DDB9}
	EndGlobalSection
EndGlobal
